
Microsoft Visual Studio Solution File, Format Version 12.00
# Visual Studio 15
VisualStudioVersion = 15.0.28307.852
MinimumVisualStudioVersion = 10.0.40219.1
Project("{2150E333-8FDC-42A3-9474-1A3956D46DE8}") = "scr", "scr", "{C7ABA3AD-8AE4-4FA4-B6F8-E21A5313E66D}"
EndProject
Project("{2150E333-8FDC-42A3-9474-1A3956D46DE8}") = "backend", "backend", "{86D26F2F-6DF0-4766-BD48-935007F620FE}"
EndProject
Project("{2150E333-8FDC-42A3-9474-1A3956D46DE8}") = "frontend", "frontend", "{A0604A51-87CA-406B-8756-D72BEB66DA6D}"
EndProject
Project("{9A19103F-16F7-4668-BE54-9A1E7A4F7556}") = "ONE.Uni.Plugins", "ONE.Uni.Plugins\ONE.Uni.Plugins.csproj", "{0F26A20F-8FB0-4046-860E-6FF6BB496719}"
EndProject
Project("{9A19103F-16F7-4668-BE54-9A1E7A4F7556}") = "ONE.POSA.Plugins", "ONE.POSA.Plugins\ONE.POSA.Plugins.csproj", "{8CA0C89D-F198-4164-8E15-169DBF93E1F9}"
EndProject
Project("{2150E333-8FDC-42A3-9474-1A3956D46DE8}") = "Plugins", "Plugins", "{FA408B0E-6FB8-453B-8FD7-0956D204097B}"
EndProject
Project("{2150E333-8FDC-42A3-9474-1A3956D46DE8}") = "Actions", "Actions", "{77108701-2D2A-49FF-B823-E968879531D4}"
	ProjectSection(SolutionItems) = preProject
		a.keep = a.keep
	EndProjectSection
EndProject
Project("{2150E333-8FDC-42A3-9474-1A3956D46DE8}") = "Workflows", "Workflows", "{0ADDF921-41D7-4CA0-B55A-2E54B7F80FC9}"
	ProjectSection(SolutionItems) = preProject
		a.keep = a.keep
	EndProjectSection
EndProject
Project("{2150E333-8FDC-42A3-9474-1A3956D46DE8}") = "Applications", "Applications", "{6FA53728-FA1E-45D3-AAE9-57C0033CEFC7}"
	ProjectSection(SolutionItems) = preProject
		a.keep = a.keep
	EndProjectSection
EndProject
Project("{2150E333-8FDC-42A3-9474-1A3956D46DE8}") = "Lips", "Lips", "{848587A3-0479-4FA7-AB2F-9AA8B911B563}"
	ProjectSection(SolutionItems) = preProject
		a.keep = a.keep
	EndProjectSection
EndProject
Project("{FAE04EC0-301F-11D3-BF4B-00C04F79EFBC}") = "ONE.CS.Plugins", "ONE.CS.Plugins\ONE.CS.Plugins.csproj", "{F4A18B1E-64A1-4F9B-8254-89E7FB44E566}"
EndProject
Project("{FAE04EC0-301F-11D3-BF4B-00C04F79EFBC}") = "ONE.Claims.Plugins", "ONE.Claims.Plugins\ONE.Claims.Plugins.csproj", "{08F3C45F-D16C-4089-9D57-95F160D44E68}"
EndProject
Project("{2150E333-8FDC-42A3-9474-1A3956D46DE8}") = "Webresources", "Webresources", "{773B5714-9D61-4E97-BA3B-BBD471C8E35E}"
EndProject
Project("{2150E333-8FDC-42A3-9474-1A3956D46DE8}") = "js", "js", "{CE87395F-B4B7-4207-B965-C5746B4CFB00}"
	ProjectSection(SolutionItems) = preProject
		a.keep = a.keep
		account.js = account.js
	EndProjectSection
EndProject
Project("{2150E333-8FDC-42A3-9474-1A3956D46DE8}") = "html", "html", "{3DCB6C37-C338-4F7B-A3B3-2C7CBEC6810A}"
	ProjectSection(SolutionItems) = preProject
		a.keep = a.keep
	EndProjectSection
EndProject
Project("{2150E333-8FDC-42A3-9474-1A3956D46DE8}") = "css", "css", "{9ECAFFA0-D1A6-4DF2-B0C7-C570BC4118E9}"
	ProjectSection(SolutionItems) = preProject
		a.keep = a.keep
	EndProjectSection
EndProject
Project("{2150E333-8FDC-42A3-9474-1A3956D46DE8}") = "images", "images", "{F922C796-ED31-445D-BB86-9023738E0CEF}"
	ProjectSection(SolutionItems) = preProject
		a.keep = a.keep
	EndProjectSection
EndProject
Global
	GlobalSection(SolutionConfigurationPlatforms) = preSolution
		Debug|Any CPU = Debug|Any CPU
		Release|Any CPU = Release|Any CPU
	EndGlobalSection
	GlobalSection(ProjectConfigurationPlatforms) = postSolution
		{0F26A20F-8FB0-4046-860E-6FF6BB496719}.Debug|Any CPU.ActiveCfg = Debug|Any CPU
		{0F26A20F-8FB0-4046-860E-6FF6BB496719}.Debug|Any CPU.Build.0 = Debug|Any CPU
		{0F26A20F-8FB0-4046-860E-6FF6BB496719}.Release|Any CPU.ActiveCfg = Release|Any CPU
		{0F26A20F-8FB0-4046-860E-6FF6BB496719}.Release|Any CPU.Build.0 = Release|Any CPU
		{8CA0C89D-F198-4164-8E15-169DBF93E1F9}.Debug|Any CPU.ActiveCfg = Debug|Any CPU
		{8CA0C89D-F198-4164-8E15-169DBF93E1F9}.Debug|Any CPU.Build.0 = Debug|Any CPU
		{8CA0C89D-F198-4164-8E15-169DBF93E1F9}.Release|Any CPU.ActiveCfg = Release|Any CPU
		{8CA0C89D-F198-4164-8E15-169DBF93E1F9}.Release|Any CPU.Build.0 = Release|Any CPU
		{F4A18B1E-64A1-4F9B-8254-89E7FB44E566}.Debug|Any CPU.ActiveCfg = Debug|Any CPU
		{F4A18B1E-64A1-4F9B-8254-89E7FB44E566}.Debug|Any CPU.Build.0 = Debug|Any CPU
		{F4A18B1E-64A1-4F9B-8254-89E7FB44E566}.Release|Any CPU.ActiveCfg = Release|Any CPU
		{F4A18B1E-64A1-4F9B-8254-89E7FB44E566}.Release|Any CPU.Build.0 = Release|Any CPU
		{08F3C45F-D16C-4089-9D57-95F160D44E68}.Debug|Any CPU.ActiveCfg = Debug|Any CPU
		{08F3C45F-D16C-4089-9D57-95F160D44E68}.Debug|Any CPU.Build.0 = Debug|Any CPU
		{08F3C45F-D16C-4089-9D57-95F160D44E68}.Release|Any CPU.ActiveCfg = Release|Any CPU
		{08F3C45F-D16C-4089-9D57-95F160D44E68}.Release|Any CPU.Build.0 = Release|Any CPU
	EndGlobalSection
	GlobalSection(SolutionProperties) = preSolution
		HideSolutionNode = FALSE
	EndGlobalSection
	GlobalSection(NestedProjects) = preSolution
		{86D26F2F-6DF0-4766-BD48-935007F620FE} = {C7ABA3AD-8AE4-4FA4-B6F8-E21A5313E66D}
		{A0604A51-87CA-406B-8756-D72BEB66DA6D} = {C7ABA3AD-8AE4-4FA4-B6F8-E21A5313E66D}
		{0F26A20F-8FB0-4046-860E-6FF6BB496719} = {FA408B0E-6FB8-453B-8FD7-0956D204097B}
		{8CA0C89D-F198-4164-8E15-169DBF93E1F9} = {FA408B0E-6FB8-453B-8FD7-0956D204097B}
		{FA408B0E-6FB8-453B-8FD7-0956D204097B} = {86D26F2F-6DF0-4766-BD48-935007F620FE}
		{77108701-2D2A-49FF-B823-E968879531D4} = {86D26F2F-6DF0-4766-BD48-935007F620FE}
		{0ADDF921-41D7-4CA0-B55A-2E54B7F80FC9} = {86D26F2F-6DF0-4766-BD48-935007F620FE}
		{6FA53728-FA1E-45D3-AAE9-57C0033CEFC7} = {86D26F2F-6DF0-4766-BD48-935007F620FE}
		{848587A3-0479-4FA7-AB2F-9AA8B911B563} = {86D26F2F-6DF0-4766-BD48-935007F620FE}
		{F4A18B1E-64A1-4F9B-8254-89E7FB44E566} = {FA408B0E-6FB8-453B-8FD7-0956D204097B}
		{08F3C45F-D16C-4089-9D57-95F160D44E68} = {FA408B0E-6FB8-453B-8FD7-0956D204097B}
		{773B5714-9D61-4E97-BA3B-BBD471C8E35E} = {A0604A51-87CA-406B-8756-D72BEB66DA6D}
		{CE87395F-B4B7-4207-B965-C5746B4CFB00} = {773B5714-9D61-4E97-BA3B-BBD471C8E35E}
		{3DCB6C37-C338-4F7B-A3B3-2C7CBEC6810A} = {773B5714-9D61-4E97-BA3B-BBD471C8E35E}
		{9ECAFFA0-D1A6-4DF2-B0C7-C570BC4118E9} = {773B5714-9D61-4E97-BA3B-BBD471C8E35E}
		{F922C796-ED31-445D-BB86-9023738E0CEF} = {773B5714-9D61-4E97-BA3B-BBD471C8E35E}
	EndGlobalSection
	GlobalSection(ExtensibilityGlobals) = postSolution
		SolutionGuid = {01C38AAF-04AA-4EC0-8B90-352D1761A9BC}
	EndGlobalSection
EndGlobal
